
Microsoft Visual Studio Solution File, Format Version 12.00
# Visual Studio Version 17
VisualStudioVersion = 17.4.33205.214
MinimumVisualStudioVersion = 10.0.40219.1
Project("{FAE04EC0-301F-11D3-BF4B-00C04F79EFBC}") = "FinalProject", "FinalProject\FinalProject.csproj", "{7D759057-C9FD-4BE4-9F10-A11E3B3D588B}"
EndProject
Global
	GlobalSection(SolutionConfigurationPlatforms) = preSolution
		Debug|Any CPU = Debug|Any CPU
		Release|Any CPU = Release|Any CPU
	EndGlobalSection
	GlobalSection(ProjectConfigurationPlatforms) = postSolution
		{7D759057-C9FD-4BE4-9F10-A11E3B3D588B}.Debug|Any CPU.ActiveCfg = Debug|Any CPU
		{7D759057-C9FD-4BE4-9F10-A11E3B3D588B}.Debug|Any CPU.Build.0 = Debug|Any CPU
		{7D759057-C9FD-4BE4-9F10-A11E3B3D588B}.Release|Any CPU.ActiveCfg = Release|Any CPU
		{7D759057-C9FD-4BE4-9F10-A11E3B3D588B}.Release|Any CPU.Build.0 = Release|Any CPU
	EndGlobalSection
	GlobalSection(SolutionProperties) = preSolution
		HideSolutionNode = FALSE
	EndGlobalSection
	GlobalSection(ExtensibilityGlobals) = postSolution
		SolutionGuid = {AE7C7BA2-D726-46A2-94D1-3711B63A8E1A}
	EndGlobalSection
EndGlobal
